
Microsoft Visual Studio Solution File, Format Version 12.00
# Visual Studio Version 17
VisualStudioVersion = 17.3.32825.248
MinimumVisualStudioVersion = 10.0.40219.1
Project("{FAE04EC0-301F-11D3-BF4B-00C04F79EFBC}") = "arraylist_patikadev", "arraylist_patikadev\arraylist_patikadev.csproj", "{72597436-CB16-418E-8D9D-92F4EC7395E3}"
EndProject
Global
	GlobalSection(SolutionConfigurationPlatforms) = preSolution
		Debug|Any CPU = Debug|Any CPU
		Release|Any CPU = Release|Any CPU
	EndGlobalSection
	GlobalSection(ProjectConfigurationPlatforms) = postSolution
		{72597436-CB16-418E-8D9D-92F4EC7395E3}.Debug|Any CPU.ActiveCfg = Debug|Any CPU
		{72597436-CB16-418E-8D9D-92F4EC7395E3}.Debug|Any CPU.Build.0 = Debug|Any CPU
		{72597436-CB16-418E-8D9D-92F4EC7395E3}.Release|Any CPU.ActiveCfg = Release|Any CPU
		{72597436-CB16-418E-8D9D-92F4EC7395E3}.Release|Any CPU.Build.0 = Release|Any CPU
	EndGlobalSection
	GlobalSection(SolutionProperties) = preSolution
		HideSolutionNode = FALSE
	EndGlobalSection
	GlobalSection(ExtensibilityGlobals) = postSolution
		SolutionGuid = {B843B3B7-1B1C-495C-85A8-4F3143E41682}
	EndGlobalSection
EndGlobal
